
Microsoft Visual Studio Solution File, Format Version 12.00
# Visual Studio Version 16
VisualStudioVersion = 16.0.30225.117
MinimumVisualStudioVersion = 10.0.40219.1
Project("{FAE04EC0-301F-11D3-BF4B-00C04F79EFBC}") = "Mine", "Mine\Mine.csproj", "{015758CA-9EA9-4C05-9F44-DDC7E46A187A}"
EndProject
Global
	GlobalSection(SolutionConfigurationPlatforms) = preSolution
		Debug|Any CPU = Debug|Any CPU
		Release|Any CPU = Release|Any CPU
	EndGlobalSection
	GlobalSection(ProjectConfigurationPlatforms) = postSolution
		{015758CA-9EA9-4C05-9F44-DDC7E46A187A}.Debug|Any CPU.ActiveCfg = Debug|Any CPU
		{015758CA-9EA9-4C05-9F44-DDC7E46A187A}.Debug|Any CPU.Build.0 = Debug|Any CPU
		{015758CA-9EA9-4C05-9F44-DDC7E46A187A}.Release|Any CPU.ActiveCfg = Release|Any CPU
		{015758CA-9EA9-4C05-9F44-DDC7E46A187A}.Release|Any CPU.Build.0 = Release|Any CPU
	EndGlobalSection
	GlobalSection(SolutionProperties) = preSolution
		HideSolutionNode = FALSE
	EndGlobalSection
	GlobalSection(ExtensibilityGlobals) = postSolution
		SolutionGuid = {057C1870-E1CD-47FD-A61A-EEB84488461C}
	EndGlobalSection
EndGlobal
